
Microsoft Visual Studio Solution File, Format Version 12.00
# Visual Studio Version 17
VisualStudioVersion = 17.0.31903.59
MinimumVisualStudioVersion = 10.0.40219.1
Project("{FAE04EC0-301F-11D3-BF4B-00C04F79EFBC}") = "Celestics.Api", "src\Celestics.Api\Celestics.Api.csproj", "{19828A60-15DC-432D-996C-DD8D5983A1F8}"
EndProject
Project("{FAE04EC0-301F-11D3-BF4B-00C04F79EFBC}") = "Celestics.Domain", "src\Celestics.Domain\Celestics.Domain.csproj", "{EE99D0DF-02AB-49C3-A153-2C31206B6897}"
EndProject
Project("{FAE04EC0-301F-11D3-BF4B-00C04F79EFBC}") = "Celestics.Application", "src\Celestics.Application\Celestics.Application.csproj", "{4CFAB1C2-BF76-41E3-81B0-0A77AF224D67}"
EndProject
Project("{FAE04EC0-301F-11D3-BF4B-00C04F79EFBC}") = "Celestics.Infrastructure", "src\Celestics.Infrastructure\Celestics.Infrastructure.csproj", "{43ADF780-6153-6E7D-FD6D-7870AEDE9CC1}"
EndProject
Global
	GlobalSection(SolutionConfigurationPlatforms) = preSolution
		Debug|Any CPU = Debug|Any CPU
		Release|Any CPU = Release|Any CPU
	EndGlobalSection
	GlobalSection(ProjectConfigurationPlatforms) = postSolution
		{19828A60-15DC-432D-996C-DD8D5983A1F8}.Debug|Any CPU.ActiveCfg = Debug|Any CPU
		{19828A60-15DC-432D-996C-DD8D5983A1F8}.Debug|Any CPU.Build.0 = Debug|Any CPU
		{19828A60-15DC-432D-996C-DD8D5983A1F8}.Release|Any CPU.ActiveCfg = Release|Any CPU
		{19828A60-15DC-432D-996C-DD8D5983A1F8}.Release|Any CPU.Build.0 = Release|Any CPU
		{EE99D0DF-02AB-49C3-A153-2C31206B6897}.Debug|Any CPU.ActiveCfg = Debug|Any CPU
		{EE99D0DF-02AB-49C3-A153-2C31206B6897}.Debug|Any CPU.Build.0 = Debug|Any CPU
		{EE99D0DF-02AB-49C3-A153-2C31206B6897}.Release|Any CPU.ActiveCfg = Release|Any CPU
		{EE99D0DF-02AB-49C3-A153-2C31206B6897}.Release|Any CPU.Build.0 = Release|Any CPU
		{4CFAB1C2-BF76-41E3-81B0-0A77AF224D67}.Debug|Any CPU.ActiveCfg = Debug|Any CPU
		{4CFAB1C2-BF76-41E3-81B0-0A77AF224D67}.Debug|Any CPU.Build.0 = Debug|Any CPU
		{4CFAB1C2-BF76-41E3-81B0-0A77AF224D67}.Release|Any CPU.ActiveCfg = Release|Any CPU
		{4CFAB1C2-BF76-41E3-81B0-0A77AF224D67}.Release|Any CPU.Build.0 = Release|Any CPU
		{43ADF780-6153-6E7D-FD6D-7870AEDE9CC1}.Debug|Any CPU.ActiveCfg = Debug|Any CPU
		{43ADF780-6153-6E7D-FD6D-7870AEDE9CC1}.Debug|Any CPU.Build.0 = Debug|Any CPU
		{43ADF780-6153-6E7D-FD6D-7870AEDE9CC1}.Release|Any CPU.ActiveCfg = Release|Any CPU
		{43ADF780-6153-6E7D-FD6D-7870AEDE9CC1}.Release|Any CPU.Build.0 = Release|Any CPU
	EndGlobalSection
	GlobalSection(SolutionProperties) = preSolution
		HideSolutionNode = FALSE
	EndGlobalSection
	GlobalSection(ExtensibilityGlobals) = postSolution
		SolutionGuid = {FAD232F1-CA2B-4242-9BCD-6175BB370CEB}
	EndGlobalSection
EndGlobal
